
Microsoft Visual Studio Solution File, Format Version 12.00
# Visual Studio Version 17
VisualStudioVersion = 17.1.32228.430
MinimumVisualStudioVersion = 10.0.40219.1
Project("{9A19103F-16F7-4668-BE54-9A1E7A4F7556}") = "GedcomValidatorTests", "GedcomValidatorTests\GedcomValidatorTests.csproj", "{C4663153-0D54-4B65-920F-E3787E6C00E1}"
EndProject
Project("{FAE04EC0-301F-11D3-BF4B-00C04F79EFBC}") = "Gedcom", "Gedcom\Gedcom.csproj", "{2AD24751-752A-4CEF-90E5-E6788FD4837D}"
EndProject
Project("{FAE04EC0-301F-11D3-BF4B-00C04F79EFBC}") = "GedcomTests", "GedcomTests\GedcomTests.csproj", "{5623E3AE-BE2B-42D7-80F5-DFD26516A9F7}"
EndProject
Global
	GlobalSection(SolutionConfigurationPlatforms) = preSolution
		Debug|Any CPU = Debug|Any CPU
		Release|Any CPU = Release|Any CPU
	EndGlobalSection
	GlobalSection(ProjectConfigurationPlatforms) = postSolution
		{C4663153-0D54-4B65-920F-E3787E6C00E1}.Debug|Any CPU.ActiveCfg = Debug|Any CPU
		{C4663153-0D54-4B65-920F-E3787E6C00E1}.Debug|Any CPU.Build.0 = Debug|Any CPU
		{C4663153-0D54-4B65-920F-E3787E6C00E1}.Release|Any CPU.ActiveCfg = Release|Any CPU
		{C4663153-0D54-4B65-920F-E3787E6C00E1}.Release|Any CPU.Build.0 = Release|Any CPU
		{2AD24751-752A-4CEF-90E5-E6788FD4837D}.Debug|Any CPU.ActiveCfg = Debug|Any CPU
		{2AD24751-752A-4CEF-90E5-E6788FD4837D}.Debug|Any CPU.Build.0 = Debug|Any CPU
		{2AD24751-752A-4CEF-90E5-E6788FD4837D}.Release|Any CPU.ActiveCfg = Release|Any CPU
		{2AD24751-752A-4CEF-90E5-E6788FD4837D}.Release|Any CPU.Build.0 = Release|Any CPU
		{5623E3AE-BE2B-42D7-80F5-DFD26516A9F7}.Debug|Any CPU.ActiveCfg = Debug|Any CPU
		{5623E3AE-BE2B-42D7-80F5-DFD26516A9F7}.Debug|Any CPU.Build.0 = Debug|Any CPU
		{5623E3AE-BE2B-42D7-80F5-DFD26516A9F7}.Release|Any CPU.ActiveCfg = Release|Any CPU
		{5623E3AE-BE2B-42D7-80F5-DFD26516A9F7}.Release|Any CPU.Build.0 = Release|Any CPU
	EndGlobalSection
	GlobalSection(SolutionProperties) = preSolution
		HideSolutionNode = FALSE
	EndGlobalSection
	GlobalSection(ExtensibilityGlobals) = postSolution
		SolutionGuid = {739A41C8-BDDF-4AE0-AA41-7B48E3761E5C}
	EndGlobalSection
EndGlobal
